// !$*UTF8*$!
{
	archiveVersion = 1;
	classes = {
	};
	objectVersion = 50;
	objects = {

/* Begin PBXBuildFile section */
		B5FED0C122F99E6500BE440A /* AppDelegate.swift in Sources */ = {isa = PBXBuildFile; fileRef = B5FED0C022F99E6500BE440A /* AppDelegate.swift */; };
		B5FED0C322F99E6500BE440A /* ViewController.swift in Sources */ = {isa = PBXBuildFile; fileRef = B5FED0C222F99E6500BE440A /* ViewController.swift */; };
		B5FED0C622F99E6500BE440A /* Main.storyboard in Resources */ = {isa = PBXBuildFile; fileRef = B5FED0C422F99E6500BE440A /* Main.storyboard */; };
		B5FED0C822F99E6700BE440A /* Assets.xcassets in Resources */ = {isa = PBXBuildFile; fileRef = B5FED0C722F99E6700BE440A /* Assets.xcassets */; };
		B5FED0CB22F99E6700BE440A /* LaunchScreen.storyboard in Resources */ = {isa = PBXBuildFile; fileRef = B5FED0C922F99E6700BE440A /* LaunchScreen.storyboard */; };
		B5FED0D322FA94D500BE440A /* WelcomeViewController.swift in Sources */ = {isa = PBXBuildFile; fileRef = B5FED0D222FA94D500BE440A /* WelcomeViewController.swift */; };
/* End PBXBuildFile section */

/* Begin PBXFileReference section */
		B5FED0BD22F99E6500BE440A /* Home Work 2.5.app */ = {isa = PBXFileReference; explicitFileType = wrapper.application; includeInIndex = 0; path = "Home Work 2.5.app"; sourceTree = BUILT_PRODUCTS_DIR; };
		B5FED0C022F99E6500BE440A /* AppDelegate.swift */ = {isa = PBXFileReference; lastKnownFileType = sourcecode.swift; path = AppDelegate.swift; sourceTree = "<group>"; };
		B5FED0C222F99E6500BE440A /* ViewController.swift */ = {isa = PBXFileReference; lastKnownFileType = sourcecode.swift; path = ViewController.swift; sourceTree = "<group>"; };
		B5FED0C522F99E6500BE440A /* Base */ = {isa = PBXFileReference; lastKnownFileType = file.storyboard; name = Base; path = Base.lproj/Main.storyboard; sourceTree = "<group>"; };
		B5FED0C722F99E6700BE440A /* Assets.xcassets */ = {isa = PBXFileReference; lastKnownFileType = folder.assetcatalog; path = Assets.xcassets; sourceTree = "<group>"; };
		B5FED0CA22F99E6700BE440A /* Base */ = {isa = PBXFileReference; lastKnownFileType = file.storyboard; name = Base; path = Base.lproj/LaunchScreen.storyboard; sourceTree = "<group>"; };
		B5FED0CC22F99E6700BE440A /* Info.plist */ = {isa = PBXFileReference; lastKnownFileType = text.plist.xml; path = Info.plist; sourceTree = "<group>"; };
		B5FED0D222FA94D500BE440A /* WelcomeViewController.swift */ = {isa = PBXFileReference; lastKnownFileType = sourcecode.swift; path = WelcomeViewController.swift; sourceTree = "<group>"; };
/* End PBXFileReference section */

/* Begin PBXFrameworksBuildPhase section */
		B5FED0BA22F99E6500BE440A /* Frameworks */ = {
			isa = PBXFrameworksBuildPhase;
			buildActionMask = 2147483647;
			files = (
			);
			runOnlyForDeploymentPostprocessing = 0;
		};
/* End PBXFrameworksBuildPhase section */

/* Begin PBXGroup section */
		B5FED0B422F99E6500BE440A = {
			isa = PBXGroup;
			children = (
				B5FED0BF22F99E6500BE440A /* Home Work 2.5 */,
				B5FED0BE22F99E6500BE440A /* Products */,
			);
			sourceTree = "<group>";
		};
		B5FED0BE22F99E6500BE440A /* Products */ = {
			isa = PBXGroup;
			children = (
				B5FED0BD22F99E6500BE440A /* Home Work 2.5.app */,
			);
			name = Products;
			sourceTree = "<group>";
		};
		B5FED0BF22F99E6500BE440A /* Home Work 2.5 */ = {
			isa = PBXGroup;
			children = (
				B5FED0C022F99E6500BE440A /* AppDelegate.swift */,
				B5FED0C222F99E6500BE440A /* ViewController.swift */,
				B5FED0C422F99E6500BE440A /* Main.storyboard */,
				B5FED0D222FA94D500BE440A /* WelcomeViewController.swift */,
				B5FED0C722F99E6700BE440A /* Assets.xcassets */,
				B5FED0C922F99E6700BE440A /* LaunchScreen.storyboard */,
				B5FED0CC22F99E6700BE440A /* Info.plist */,
			);
			path = "Home Work 2.5";
			sourceTree = "<group>";
		};
/* End PBXGroup section */

/* Begin PBXNativeTarget section */
		B5FED0BC22F99E6500BE440A /* Home Work 2.5 */ = {
			isa = PBXNativeTarget;
			buildConfigurationList = B5FED0CF22F99E6700BE440A /* Build configuration list for PBXNativeTarget "Home Work 2.5" */;
			buildPhases = (
				B5FED0B922F99E6500BE440A /* Sources */,
				B5FED0BA22F99E6500BE440A /* Frameworks */,
				B5FED0BB22F99E6500BE440A /* Resources */,
				B50C23DA22FAF6BA00610021 /* ShellScript */,
			);
			buildRules = (
			);
			dependencies = (
			);
			name = "Home Work 2.5";
			productName = "Home Work 2.5";
			productReference = B5FED0BD22F99E6500BE440A /* Home Work 2.5.app */;
			productType = "com.apple.product-type.application";
		};
/* End PBXNativeTarget section */

/* Begin PBXProject section */
		B5FED0B522F99E6500BE440A /* Project object */ = {
			isa = PBXProject;
			attributes = {
				LastSwiftUpdateCheck = 1030;
				LastUpgradeCheck = 1030;
				ORGANIZATIONNAME = "Maksim Grebenozhko";
				TargetAttributes = {
					B5FED0BC22F99E6500BE440A = {
						CreatedOnToolsVersion = 10.3;
					};
				};
			};
			buildConfigurationList = B5FED0B822F99E6500BE440A /* Build configuration list for PBXProject "Home Work 2.5" */;
			compatibilityVersion = "Xcode 9.3";
			developmentRegion = en;
			hasScannedForEncodings = 0;
			knownRegions = (
				en,
				Base,
			);
			mainGroup = B5FED0B422F99E6500BE440A;
			productRefGroup = B5FED0BE22F99E6500BE440A /* Products */;
			projectDirPath = "";
			projectRoot = "";
			targets = (
				B5FED0BC22F99E6500BE440A /* Home Work 2.5 */,
			);
		};
/* End PBXProject section */

/* Begin PBXResourcesBuildPhase section */
		B5FED0BB22F99E6500BE440A /* Resources */ = {
			isa = PBXResourcesBuildPhase;
			buildActionMask = 2147483647;
			files = (
				B5FED0CB22F99E6700BE440A /* LaunchScreen.storyboard in Resources */,
				B5FED0C822F99E6700BE440A /* Assets.xcassets in Resources */,
				B5FED0C622F99E6500BE440A /* Main.storyboard in Resources */,
			);
			runOnlyForDeploymentPostprocessing = 0;
		};
/* End PBXResourcesBuildPhase section */

/* Begin PBXShellScriptBuildPhase section */
		B50C23DA22FAF6BA00610021 /* ShellScript */ = {
			isa = PBXShellScriptBuildPhase;
			buildActionMask = 2147483647;
			files = (
			);
			inputFileListPaths = (
			);
			inputPaths = (
			);
			outputFileListPaths = (
			);
			outputPaths = (
			);
			runOnlyForDeploymentPostprocessing = 0;
			shellPath = /bin/sh;
			shellScript = "if which swiftlint >/dev/null; then\nswiftlint\nelse\necho \"warning: SwiftLint not installed, download from https://github.com/realm/SwiftLint\"\nfi\n";
		};
/* End PBXShellScriptBuildPhase section */

/* Begin PBXSourcesBuildPhase section */
		B5FED0B922F99E6500BE440A /* Sources */ = {
			isa = PBXSourcesBuildPhase;
			buildActionMask = 2147483647;
			files = (
				B5FED0D322FA94D500BE440A /* WelcomeViewController.swift in Sources */,
				B5FED0C322F99E6500BE440A /* ViewController.swift in Sources */,
				B5FED0C122F99E6500BE440A /* AppDelegate.swift in Sources */,
			);
			runOnlyForDeploymentPostprocessing = 0;
		};
/* End PBXSourcesBuildPhase section */

/* Begin PBXVariantGroup section */
		B5FED0C422F99E6500BE440A /* Main.storyboard */ = {
			isa = PBXVariantGroup;
			children = (
				B5FED0C522F99E6500BE440A /* Base */,
			);
			name = Main.storyboard;
			sourceTree = "<group>";
		};
		B5FED0C922F99E6700BE440A /* LaunchScreen.storyboard */ = {
			isa = PBXVariantGroup;
			children = (
				B5FED0CA22F99E6700BE440A /* Base */,
			);
			name = LaunchScreen.storyboard;
			sourceTree = "<group>";
		};
/* End PBXVariantGroup section */

/* Begin XCBuildConfiguration section */
		B5FED0CD22F99E6700BE440A /* Debug */ = {
			isa = XCBuildConfiguration;
			buildSettings = {
				ALWAYS_SEARCH_USER_PATHS = NO;
				CLANG_ANALYZER_NONNULL = YES;
				CLANG_ANALYZER_NUMBER_OBJECT_CONVERSION = YES_AGGRESSIVE;
				CLANG_CXX_LANGUAGE_STANDARD = "gnu++14";
				CLANG_CXX_LIBRARY = "libc++";
				CLANG_ENABLE_MODULES = YES;
				CLANG_ENABLE_OBJC_ARC = YES;
				CLANG_ENABLE_OBJC_WEAK = YES;
				CLANG_WARN_BLOCK_CAPTURE_AUTORELEASING = YES;
				CLANG_WARN_BOOL_CONVERSION = YES;
				CLANG_WARN_COMMA = YES;
				CLANG_WARN_CONSTANT_CONVERSION = YES;
				CLANG_WARN_DEPRECATED_OBJC_IMPLEMENTATIONS = YES;
				CLANG_WARN_DIRECT_OBJC_ISA_USAGE = YES_ERROR;
				CLANG_WARN_DOCUMENTATION_COMMENTS = YES;
				CLANG_WARN_EMPTY_BODY = YES;
				CLANG_WARN_ENUM_CONVERSION = YES;
				CLANG_WARN_INFINITE_RECURSION = YES;
				CLANG_WARN_INT_CONVERSION = YES;
				CLANG_WARN_NON_LITERAL_NULL_CONVERSION = YES;
				CLANG_WARN_OBJC_IMPLICIT_RETAIN_SELF = YES;
				CLANG_WARN_OBJC_LITERAL_CONVERSION = YES;
				CLANG_WARN_OBJC_ROOT_CLASS = YES_ERROR;
				CLANG_WARN_RANGE_LOOP_ANALYSIS = YES;
				CLANG_WARN_STRICT_PROTOTYPES = YES;
				CLANG_WARN_SUSPICIOUS_MOVE = YES;
				CLANG_WARN_UNGUARDED_AVAILABILITY = YES_AGGRESSIVE;
				CLANG_WARN_UNREACHABLE_CODE = YES;
				CLANG_WARN__DUPLICATE_METHOD_MATCH = YES;
				CODE_SIGN_IDENTITY = "iPhone Developer";
				COPY_PHASE_STRIP = NO;
				DEBUG_INFORMATION_FORMAT = dwarf;
				ENABLE_STRICT_OBJC_MSGSEND = YES;
				ENABLE_TESTABILITY = YES;
				GCC_C_LANGUAGE_STANDARD = gnu11;
				GCC_DYNAMIC_NO_PIC = NO;
				GCC_NO_COMMON_BLOCKS = YES;
				GCC_OPTIMIZATION_LEVEL = 0;
				GCC_PREPROCESSOR_DEFINITIONS = (
					"DEBUG=1",
					"$(inherited)",
				);
				GCC_WARN_64_TO_32_BIT_CONVERSION = YES;
				GCC_WARN_ABOUT_RETURN_TYPE = YES_ERROR;
				GCC_WARN_UNDECLARED_SELECTOR = YES;
				GCC_WARN_UNINITIALIZED_AUTOS = YES_AGGRESSIVE;
				GCC_WARN_UNUSED_FUNCTION = YES;
				GCC_WARN_UNUSED_VARIABLE = YES;
				IPHONEOS_DEPLOYMENT_TARGET = 12.4;
				MTL_ENABLE_DEBUG_INFO = INCLUDE_SOURCE;
				MTL_FAST_MATH = YES;
				ONLY_ACTIVE_ARCH = YES;
				SDKROOT = iphoneos;
				SWIFT_ACTIVE_COMPILATION_CONDITIONS = DEBUG;
				SWIFT_OPTIMIZATION_LEVEL = "-Onone";
			};
			name = Debug;
		};
		B5FED0CE22F99E6700BE440A /* Release */ = {
			isa = XCBuildConfiguration;
			buildSettings = {
				ALWAYS_SEARCH_USER_PATHS = NO;
				CLANG_ANALYZER_NONNULL = YES;
				CLANG_ANALYZER_NUMBER_OBJECT_CONVERSION = YES_AGGRESSIVE;
				CLANG_CXX_LANGUAGE_STANDARD = "gnu++14";
				CLANG_CXX_LIBRARY = "libc++";
				CLANG_ENABLE_MODULES = YES;
				CLANG_ENABLE_OBJC_ARC = YES;
				CLANG_ENABLE_OBJC_WEAK = YES;
				CLANG_WARN_BLOCK_CAPTURE_AUTORELEASING = YES;
				CLANG_WARN_BOOL_CONVERSION = YES;
				CLANG_WARN_COMMA = YES;
				CLANG_WARN_CONSTANT_CONVERSION = YES;
				CLANG_WARN_DEPRECATED_OBJC_IMPLEMENTATIONS = YES;
				CLANG_WARN_DIRECT_OBJC_ISA_USAGE = YES_ERROR;
				CLANG_WARN_DOCUMENTATION_COMMENTS = YES;
				CLANG_WARN_EMPTY_BODY = YES;
				CLANG_WARN_ENUM_CONVERSION = YES;
				CLANG_WARN_INFINITE_RECURSION = YES;
				CLANG_WARN_INT_CONVERSION = YES;
				CLANG_WARN_NON_LITERAL_NULL_CONVERSION = YES;
				CLANG_WARN_OBJC_IMPLICIT_RETAIN_SELF = YES;
				CLANG_WARN_OBJC_LITERAL_CONVERSION = YES;
				CLANG_WARN_OBJC_ROOT_CLASS = YES_ERROR;
				CLANG_WARN_RANGE_LOOP_ANALYSIS = YES;
				CLANG_WARN_STRICT_PROTOTYPES = YES;
				CLANG_WARN_SUSPICIOUS_MOVE = YES;
				CLANG_WARN_UNGUARDED_AVAILABILITY = YES_AGGRESSIVE;
				CLANG_WARN_UNREACHABLE_CODE = YES;
				CLANG_WARN__DUPLICATE_METHOD_MATCH = YES;
				CODE_SIGN_IDENTITY = "iPhone Developer";
				COPY_PHASE_STRIP = NO;
				DEBUG_INFORMATION_FORMAT = "dwarf-with-dsym";
				ENABLE_NS_ASSERTIONS = NO;
				ENABLE_STRICT_OBJC_MSGSEND = YES;
				GCC_C_LANGUAGE_STANDARD = gnu11;
				GCC_NO_COMMON_BLOCKS = YES;
				GCC_WARN_64_TO_32_BIT_CONVERSION = YES;
				GCC_WARN_ABOUT_RETURN_TYPE = YES_ERROR;
				GCC_WARN_UNDECLARED_SELECTOR = YES;
				GCC_WARN_UNINITIALIZED_AUTOS = YES_AGGRESSIVE;
				GCC_WARN_UNUSED_FUNCTION = YES;
				GCC_WARN_UNUSED_VARIABLE = YES;
				IPHONEOS_DEPLOYMENT_TARGET = 12.4;
				MTL_ENABLE_DEBUG_INFO = NO;
				MTL_FAST_MATH = YES;
				SDKROOT = iphoneos;
				SWIFT_COMPILATION_MODE = wholemodule;
				SWIFT_OPTIMIZATION_LEVEL = "-O";
				VALIDATE_PRODUCT = YES;
			};
			name = Release;
		};
		B5FED0D022F99E6700BE440A /* Debug */ = {
			isa = XCBuildConfiguration;
			buildSettings = {
				ASSETCATALOG_COMPILER_APPICON_NAME = AppIcon;
				CODE_SIGN_STYLE = Automatic;
				DEVELOPMENT_TEAM = 7L8D6FC4F7;
				INFOPLIST_FILE = "Home Work 2.5/Info.plist";
				LD_RUNPATH_SEARCH_PATHS = (
					"$(inherited)",
					"@executable_path/Frameworks",
				);
				PRODUCT_BUNDLE_IDENTIFIER = "Grebenozhko-Maksim.Home-Work-2-5";
				PRODUCT_NAME = "$(TARGET_NAME)";
				SWIFT_VERSION = 5.0;
				TARGETED_DEVICE_FAMILY = 1;
			};
			name = Debug;
		};
		B5FED0D122F99E6700BE440A /* Release */ = {
			isa = XCBuildConfiguration;
			buildSettings = {
				ASSETCATALOG_COMPILER_APPICON_NAME = AppIcon;
				CODE_SIGN_STYLE = Automatic;
				DEVELOPMENT_TEAM = 7L8D6FC4F7;
				INFOPLIST_FILE = "Home Work 2.5/Info.plist";
				LD_RUNPATH_SEARCH_PATHS = (
					"$(inherited)",
					"@executable_path/Frameworks",
				);
				PRODUCT_BUNDLE_IDENTIFIER = "Grebenozhko-Maksim.Home-Work-2-5";
				PRODUCT_NAME = "$(TARGET_NAME)";
				SWIFT_VERSION = 5.0;
				TARGETED_DEVICE_FAMILY = 1;
			};
			name = Release;
		};
/* End XCBuildConfiguration section */

/* Begin XCConfigurationList section */
		B5FED0B822F99E6500BE440A /* Build configuration list for PBXProject "Home Work 2.5" */ = {
			isa = XCConfigurationList;
			buildConfigurations = (
				B5FED0CD22F99E6700BE440A /* Debug */,
				B5FED0CE22F99E6700BE440A /* Release */,
			);
			defaultConfigurationIsVisible = 0;
			defaultConfigurationName = Release;
		};
		B5FED0CF22F99E6700BE440A /* Build configuration list for PBXNativeTarget "Home Work 2.5" */ = {
			isa = XCConfigurationList;
			buildConfigurations = (
				B5FED0D022F99E6700BE440A /* Debug */,
				B5FED0D122F99E6700BE440A /* Release */,
			);
			defaultConfigurationIsVisible = 0;
			defaultConfigurationName = Release;
		};
/* End XCConfigurationList section */
	};
	rootObject = B5FED0B522F99E6500BE440A /* Project object */;
}
